// !$*UTF8*$!
{
	archiveVersion = 1;
	classes = {
	};
	objectVersion = 56;
	objects = {

/* Begin PBXBuildFile section */
		4C100FE0294493ED00067FB8 /* N2DVulkan.cpp in Sources */ = {isa = PBXBuildFile; fileRef = 4C100FDE294493ED00067FB8 /* N2DVulkan.cpp */; };
		4C100FE529449B0700067FB8 /* libvulkan.1.3.231.dylib in CopyFiles */ = {isa = PBXBuildFile; fileRef = 4C100FE329449B0700067FB8 /* libvulkan.1.3.231.dylib */; };
		4C100FE629449B0700067FB8 /* libvulkan.1.dylib in CopyFiles */ = {isa = PBXBuildFile; fileRef = 4C100FE429449B0700067FB8 /* libvulkan.1.dylib */; };
		4C100FE929449C1200067FB8 /* libvulkan.1.3.231.dylib in Frameworks */ = {isa = PBXBuildFile; fileRef = 4C100FE329449B0700067FB8 /* libvulkan.1.3.231.dylib */; };
		4C100FEA29449C1200067FB8 /* libvulkan.1.3.231.dylib in Frameworks */ = {isa = PBXBuildFile; fileRef = 4C100FE329449B0700067FB8 /* libvulkan.1.3.231.dylib */; };
		4C100FED2944AA2C00067FB8 /* N2DVulkanDevice.cpp in Sources */ = {isa = PBXBuildFile; fileRef = 4C100FEB2944AA2C00067FB8 /* N2DVulkanDevice.cpp */; };
		4C8758312943D47700B7816C /* main.cpp in Sources */ = {isa = PBXBuildFile; fileRef = 4C8758302943D47700B7816C /* main.cpp */; };
		4C8758392943D52D00B7816C /* SDL2.framework in Frameworks */ = {isa = PBXBuildFile; fileRef = 4C8758382943D52D00B7816C /* SDL2.framework */; };
		4C87583C2943D5A200B7816C /* N2DRenderer.cpp in Sources */ = {isa = PBXBuildFile; fileRef = 4C87583A2943D5A200B7816C /* N2DRenderer.cpp */; };
		4C8758402943DE1C00B7816C /* N2DApplication.cpp in Sources */ = {isa = PBXBuildFile; fileRef = 4C87583E2943DE1C00B7816C /* N2DApplication.cpp */; };
/* End PBXBuildFile section */

/* Begin PBXCopyFilesBuildPhase section */
		4C87582B2943D47700B7816C /* CopyFiles */ = {
			isa = PBXCopyFilesBuildPhase;
			buildActionMask = 12;
			dstPath = "";
			dstSubfolderSpec = 10;
			files = (
				4C100FE529449B0700067FB8 /* libvulkan.1.3.231.dylib in CopyFiles */,
				4C100FE629449B0700067FB8 /* libvulkan.1.dylib in CopyFiles */,
			);
			runOnlyForDeploymentPostprocessing = 0;
		};
/* End PBXCopyFilesBuildPhase section */

/* Begin PBXFileReference section */
		4C100FD92944923600067FB8 /* Platform.h */ = {isa = PBXFileReference; lastKnownFileType = sourcecode.c.h; path = Platform.h; sourceTree = "<group>"; };
		4C100FDE294493ED00067FB8 /* N2DVulkan.cpp */ = {isa = PBXFileReference; lastKnownFileType = sourcecode.cpp.cpp; path = N2DVulkan.cpp; sourceTree = "<group>"; };
		4C100FDF294493ED00067FB8 /* N2DVulkan.hpp */ = {isa = PBXFileReference; lastKnownFileType = sourcecode.cpp.h; path = N2DVulkan.hpp; sourceTree = "<group>"; };
		4C100FE329449B0700067FB8 /* libvulkan.1.3.231.dylib */ = {isa = PBXFileReference; lastKnownFileType = "compiled.mach-o.dylib"; name = libvulkan.1.3.231.dylib; path = ../../../../VulkanSDK/1.3.231.1/macOS/lib/libvulkan.1.3.231.dylib; sourceTree = "<group>"; };
		4C100FE429449B0700067FB8 /* libvulkan.1.dylib */ = {isa = PBXFileReference; lastKnownFileType = "compiled.mach-o.dylib"; name = libvulkan.1.dylib; path = ../../../../VulkanSDK/1.3.231.1/macOS/lib/libvulkan.1.dylib; sourceTree = "<group>"; };
		4C100FE729449C0200067FB8 /* 1.3.231.1 */ = {isa = PBXFileReference; lastKnownFileType = folder; name = 1.3.231.1; path = ../../../../VulkanSDK/1.3.231.1; sourceTree = "<group>"; };
		4C100FEB2944AA2C00067FB8 /* N2DVulkanDevice.cpp */ = {isa = PBXFileReference; lastKnownFileType = sourcecode.cpp.cpp; path = N2DVulkanDevice.cpp; sourceTree = "<group>"; };
		4C100FEC2944AA2C00067FB8 /* N2DVulkanDevice.hpp */ = {isa = PBXFileReference; lastKnownFileType = sourcecode.cpp.h; path = N2DVulkanDevice.hpp; sourceTree = "<group>"; };
		4C87582D2943D47700B7816C /* N2DSandbox */ = {isa = PBXFileReference; explicitFileType = "compiled.mach-o.executable"; includeInIndex = 0; path = N2DSandbox; sourceTree = BUILT_PRODUCTS_DIR; };
		4C8758302943D47700B7816C /* main.cpp */ = {isa = PBXFileReference; lastKnownFileType = sourcecode.cpp.cpp; path = main.cpp; sourceTree = "<group>"; };
		4C8758382943D52D00B7816C /* SDL2.framework */ = {isa = PBXFileReference; lastKnownFileType = wrapper.framework; name = SDL2.framework; path = ../../../../../../Library/Frameworks/SDL2.framework; sourceTree = "<group>"; };
		4C87583A2943D5A200B7816C /* N2DRenderer.cpp */ = {isa = PBXFileReference; lastKnownFileType = sourcecode.cpp.cpp; path = N2DRenderer.cpp; sourceTree = "<group>"; };
		4C87583B2943D5A200B7816C /* N2DRenderer.hpp */ = {isa = PBXFileReference; lastKnownFileType = sourcecode.cpp.h; path = N2DRenderer.hpp; sourceTree = "<group>"; };
		4C87583D2943DD7800B7816C /* N2DSandbox.entitlements */ = {isa = PBXFileReference; lastKnownFileType = text.plist.entitlements; path = N2DSandbox.entitlements; sourceTree = "<group>"; };
		4C87583E2943DE1C00B7816C /* N2DApplication.cpp */ = {isa = PBXFileReference; lastKnownFileType = sourcecode.cpp.cpp; path = N2DApplication.cpp; sourceTree = "<group>"; };
		4C87583F2943DE1C00B7816C /* N2DApplication.hpp */ = {isa = PBXFileReference; lastKnownFileType = sourcecode.cpp.h; path = N2DApplication.hpp; sourceTree = "<group>"; };
/* End PBXFileReference section */

/* Begin PBXFrameworksBuildPhase section */
		4C87582A2943D47700B7816C /* Frameworks */ = {
			isa = PBXFrameworksBuildPhase;
			buildActionMask = 2147483647;
			files = (
				4C100FE929449C1200067FB8 /* libvulkan.1.3.231.dylib in Frameworks */,
				4C100FEA29449C1200067FB8 /* libvulkan.1.3.231.dylib in Frameworks */,
				4C8758392943D52D00B7816C /* SDL2.framework in Frameworks */,
			);
			runOnlyForDeploymentPostprocessing = 0;
		};
/* End PBXFrameworksBuildPhase section */

/* Begin PBXGroup section */
		4C8758242943D47700B7816C = {
			isa = PBXGroup;
			children = (
				4C100FE329449B0700067FB8 /* libvulkan.1.3.231.dylib */,
				4C100FE429449B0700067FB8 /* libvulkan.1.dylib */,
				4C87582F2943D47700B7816C /* N2DSandbox */,
				4C87582E2943D47700B7816C /* Products */,
				4C8758372943D52D00B7816C /* Frameworks */,
			);
			sourceTree = "<group>";
		};
		4C87582E2943D47700B7816C /* Products */ = {
			isa = PBXGroup;
			children = (
				4C87582D2943D47700B7816C /* N2DSandbox */,
			);
			name = Products;
			sourceTree = "<group>";
		};
		4C87582F2943D47700B7816C /* N2DSandbox */ = {
			isa = PBXGroup;
			children = (
				4C87583D2943DD7800B7816C /* N2DSandbox.entitlements */,
				4C8758302943D47700B7816C /* main.cpp */,
				4C87583A2943D5A200B7816C /* N2DRenderer.cpp */,
				4C87583B2943D5A200B7816C /* N2DRenderer.hpp */,
				4C87583E2943DE1C00B7816C /* N2DApplication.cpp */,
				4C87583F2943DE1C00B7816C /* N2DApplication.hpp */,
				4C100FD92944923600067FB8 /* Platform.h */,
				4C100FDE294493ED00067FB8 /* N2DVulkan.cpp */,
				4C100FDF294493ED00067FB8 /* N2DVulkan.hpp */,
				4C100FEB2944AA2C00067FB8 /* N2DVulkanDevice.cpp */,
				4C100FEC2944AA2C00067FB8 /* N2DVulkanDevice.hpp */,
			);
			path = N2DSandbox;
			sourceTree = "<group>";
		};
		4C8758372943D52D00B7816C /* Frameworks */ = {
			isa = PBXGroup;
			children = (
				4C100FE729449C0200067FB8 /* 1.3.231.1 */,
				4C8758382943D52D00B7816C /* SDL2.framework */,
			);
			name = Frameworks;
			sourceTree = "<group>";
		};
/* End PBXGroup section */

/* Begin PBXNativeTarget section */
		4C87582C2943D47700B7816C /* N2DSandbox */ = {
			isa = PBXNativeTarget;
			buildConfigurationList = 4C8758342943D47700B7816C /* Build configuration list for PBXNativeTarget "N2DSandbox" */;
			buildPhases = (
				4C8758292943D47700B7816C /* Sources */,
				4C87582A2943D47700B7816C /* Frameworks */,
				4C87582B2943D47700B7816C /* CopyFiles */,
			);
			buildRules = (
			);
			dependencies = (
			);
			name = N2DSandbox;
			productName = N2DSandbox;
			productReference = 4C87582D2943D47700B7816C /* N2DSandbox */;
			productType = "com.apple.product-type.tool";
		};
/* End PBXNativeTarget section */

/* Begin PBXProject section */
		4C8758252943D47700B7816C /* Project object */ = {
			isa = PBXProject;
			attributes = {
				BuildIndependentTargetsInParallel = 1;
				LastUpgradeCheck = 1410;
				TargetAttributes = {
					4C87582C2943D47700B7816C = {
						CreatedOnToolsVersion = 14.1;
					};
				};
			};
			buildConfigurationList = 4C8758282943D47700B7816C /* Build configuration list for PBXProject "N2DSandbox" */;
			compatibilityVersion = "Xcode 14.0";
			developmentRegion = en;
			hasScannedForEncodings = 0;
			knownRegions = (
				en,
				Base,
			);
			mainGroup = 4C8758242943D47700B7816C;
			productRefGroup = 4C87582E2943D47700B7816C /* Products */;
			projectDirPath = "";
			projectRoot = "";
			targets = (
				4C87582C2943D47700B7816C /* N2DSandbox */,
			);
		};
/* End PBXProject section */

/* Begin PBXSourcesBuildPhase section */
		4C8758292943D47700B7816C /* Sources */ = {
			isa = PBXSourcesBuildPhase;
			buildActionMask = 2147483647;
			files = (
				4C8758312943D47700B7816C /* main.cpp in Sources */,
				4C87583C2943D5A200B7816C /* N2DRenderer.cpp in Sources */,
				4C8758402943DE1C00B7816C /* N2DApplication.cpp in Sources */,
				4C100FE0294493ED00067FB8 /* N2DVulkan.cpp in Sources */,
				4C100FED2944AA2C00067FB8 /* N2DVulkanDevice.cpp in Sources */,
			);
			runOnlyForDeploymentPostprocessing = 0;
		};
/* End PBXSourcesBuildPhase section */

/* Begin XCBuildConfiguration section */
		4C8758322943D47700B7816C /* Debug */ = {
			isa = XCBuildConfiguration;
			buildSettings = {
				ALWAYS_SEARCH_USER_PATHS = NO;
				CLANG_ANALYZER_NONNULL = YES;
				CLANG_ANALYZER_NUMBER_OBJECT_CONVERSION = YES_AGGRESSIVE;
				CLANG_CXX_LANGUAGE_STANDARD = "gnu++20";
				CLANG_ENABLE_MODULES = YES;
				CLANG_ENABLE_OBJC_ARC = YES;
				CLANG_ENABLE_OBJC_WEAK = YES;
				CLANG_WARN_BLOCK_CAPTURE_AUTORELEASING = YES;
				CLANG_WARN_BOOL_CONVERSION = YES;
				CLANG_WARN_COMMA = YES;
				CLANG_WARN_CONSTANT_CONVERSION = YES;
				CLANG_WARN_DEPRECATED_OBJC_IMPLEMENTATIONS = YES;
				CLANG_WARN_DIRECT_OBJC_ISA_USAGE = YES_ERROR;
				CLANG_WARN_DOCUMENTATION_COMMENTS = YES;
				CLANG_WARN_EMPTY_BODY = YES;
				CLANG_WARN_ENUM_CONVERSION = YES;
				CLANG_WARN_INFINITE_RECURSION = YES;
				CLANG_WARN_INT_CONVERSION = YES;
				CLANG_WARN_NON_LITERAL_NULL_CONVERSION = YES;
				CLANG_WARN_OBJC_IMPLICIT_RETAIN_SELF = YES;
				CLANG_WARN_OBJC_LITERAL_CONVERSION = YES;
				CLANG_WARN_OBJC_ROOT_CLASS = YES_ERROR;
				CLANG_WARN_QUOTED_INCLUDE_IN_FRAMEWORK_HEADER = YES;
				CLANG_WARN_RANGE_LOOP_ANALYSIS = YES;
				CLANG_WARN_STRICT_PROTOTYPES = YES;
				CLANG_WARN_SUSPICIOUS_MOVE = YES;
				CLANG_WARN_UNGUARDED_AVAILABILITY = YES_AGGRESSIVE;
				CLANG_WARN_UNREACHABLE_CODE = YES;
				CLANG_WARN__DUPLICATE_METHOD_MATCH = YES;
				COPY_PHASE_STRIP = NO;
				DEBUG_INFORMATION_FORMAT = dwarf;
				ENABLE_STRICT_OBJC_MSGSEND = YES;
				ENABLE_TESTABILITY = YES;
				GCC_C_LANGUAGE_STANDARD = gnu11;
				GCC_DYNAMIC_NO_PIC = NO;
				GCC_NO_COMMON_BLOCKS = YES;
				GCC_OPTIMIZATION_LEVEL = 0;
				GCC_PREPROCESSOR_DEFINITIONS = (
					"DEBUG=1",
					"$(inherited)",
				);
				GCC_WARN_64_TO_32_BIT_CONVERSION = YES;
				GCC_WARN_ABOUT_RETURN_TYPE = YES_ERROR;
				GCC_WARN_UNDECLARED_SELECTOR = YES;
				GCC_WARN_UNINITIALIZED_AUTOS = YES_AGGRESSIVE;
				GCC_WARN_UNUSED_FUNCTION = YES;
				GCC_WARN_UNUSED_VARIABLE = YES;
				MACOSX_DEPLOYMENT_TARGET = 13.0;
				MTL_ENABLE_DEBUG_INFO = INCLUDE_SOURCE;
				MTL_FAST_MATH = YES;
				ONLY_ACTIVE_ARCH = YES;
				SDKROOT = macosx;
			};
			name = Debug;
		};
		4C8758332943D47700B7816C /* Release */ = {
			isa = XCBuildConfiguration;
			buildSettings = {
				ALWAYS_SEARCH_USER_PATHS = NO;
				CLANG_ANALYZER_NONNULL = YES;
				CLANG_ANALYZER_NUMBER_OBJECT_CONVERSION = YES_AGGRESSIVE;
				CLANG_CXX_LANGUAGE_STANDARD = "gnu++20";
				CLANG_ENABLE_MODULES = YES;
				CLANG_ENABLE_OBJC_ARC = YES;
				CLANG_ENABLE_OBJC_WEAK = YES;
				CLANG_WARN_BLOCK_CAPTURE_AUTORELEASING = YES;
				CLANG_WARN_BOOL_CONVERSION = YES;
				CLANG_WARN_COMMA = YES;
				CLANG_WARN_CONSTANT_CONVERSION = YES;
				CLANG_WARN_DEPRECATED_OBJC_IMPLEMENTATIONS = YES;
				CLANG_WARN_DIRECT_OBJC_ISA_USAGE = YES_ERROR;
				CLANG_WARN_DOCUMENTATION_COMMENTS = YES;
				CLANG_WARN_EMPTY_BODY = YES;
				CLANG_WARN_ENUM_CONVERSION = YES;
				CLANG_WARN_INFINITE_RECURSION = YES;
				CLANG_WARN_INT_CONVERSION = YES;
				CLANG_WARN_NON_LITERAL_NULL_CONVERSION = YES;
				CLANG_WARN_OBJC_IMPLICIT_RETAIN_SELF = YES;
				CLANG_WARN_OBJC_LITERAL_CONVERSION = YES;
				CLANG_WARN_OBJC_ROOT_CLASS = YES_ERROR;
				CLANG_WARN_QUOTED_INCLUDE_IN_FRAMEWORK_HEADER = YES;
				CLANG_WARN_RANGE_LOOP_ANALYSIS = YES;
				CLANG_WARN_STRICT_PROTOTYPES = YES;
				CLANG_WARN_SUSPICIOUS_MOVE = YES;
				CLANG_WARN_UNGUARDED_AVAILABILITY = YES_AGGRESSIVE;
				CLANG_WARN_UNREACHABLE_CODE = YES;
				CLANG_WARN__DUPLICATE_METHOD_MATCH = YES;
				COPY_PHASE_STRIP = NO;
				DEBUG_INFORMATION_FORMAT = "dwarf-with-dsym";
				ENABLE_NS_ASSERTIONS = NO;
				ENABLE_STRICT_OBJC_MSGSEND = YES;
				GCC_C_LANGUAGE_STANDARD = gnu11;
				GCC_NO_COMMON_BLOCKS = YES;
				GCC_WARN_64_TO_32_BIT_CONVERSION = YES;
				GCC_WARN_ABOUT_RETURN_TYPE = YES_ERROR;
				GCC_WARN_UNDECLARED_SELECTOR = YES;
				GCC_WARN_UNINITIALIZED_AUTOS = YES_AGGRESSIVE;
				GCC_WARN_UNUSED_FUNCTION = YES;
				GCC_WARN_UNUSED_VARIABLE = YES;
				MACOSX_DEPLOYMENT_TARGET = 13.0;
				MTL_ENABLE_DEBUG_INFO = NO;
				MTL_FAST_MATH = YES;
				SDKROOT = macosx;
			};
			name = Release;
		};
		4C8758352943D47700B7816C /* Debug */ = {
			isa = XCBuildConfiguration;
			buildSettings = {
				CODE_SIGN_ENTITLEMENTS = N2DSandbox/N2DSandbox.entitlements;
				CODE_SIGN_STYLE = Automatic;
				DEVELOPMENT_TEAM = T6ZL976XZ5;
				ENABLE_HARDENED_RUNTIME = YES;
				FRAMEWORK_SEARCH_PATHS = (
					"$(inherited)",
					"$(LOCAL_LIBRARY_DIR)/Frameworks",
				);
				HEADER_SEARCH_PATHS = /Users/jaaouani/VulkanSDK/1.3.231.1/macOS/include;
				LIBRARY_SEARCH_PATHS = /Users/jaaouani/VulkanSDK/1.3.231.1/macOS/lib;
				PRODUCT_NAME = "$(TARGET_NAME)";
			};
			name = Debug;
		};
		4C8758362943D47700B7816C /* Release */ = {
			isa = XCBuildConfiguration;
			buildSettings = {
				CODE_SIGN_ENTITLEMENTS = N2DSandbox/N2DSandbox.entitlements;
				CODE_SIGN_STYLE = Automatic;
				DEVELOPMENT_TEAM = T6ZL976XZ5;
				ENABLE_HARDENED_RUNTIME = YES;
				FRAMEWORK_SEARCH_PATHS = (
					"$(inherited)",
					"$(LOCAL_LIBRARY_DIR)/Frameworks",
				);
				HEADER_SEARCH_PATHS = /Users/jaaouani/VulkanSDK/1.3.231.1/macOS/include;
				LIBRARY_SEARCH_PATHS = /Users/jaaouani/VulkanSDK/1.3.231.1/macOS/lib;
				PRODUCT_NAME = "$(TARGET_NAME)";
			};
			name = Release;
		};
/* End XCBuildConfiguration section */

/* Begin XCConfigurationList section */
		4C8758282943D47700B7816C /* Build configuration list for PBXProject "N2DSandbox" */ = {
			isa = XCConfigurationList;
			buildConfigurations = (
				4C8758322943D47700B7816C /* Debug */,
				4C8758332943D47700B7816C /* Release */,
			);
			defaultConfigurationIsVisible = 0;
			defaultConfigurationName = Release;
		};
		4C8758342943D47700B7816C /* Build configuration list for PBXNativeTarget "N2DSandbox" */ = {
			isa = XCConfigurationList;
			buildConfigurations = (
				4C8758352943D47700B7816C /* Debug */,
				4C8758362943D47700B7816C /* Release */,
			);
			defaultConfigurationIsVisible = 0;
			defaultConfigurationName = Release;
		};
/* End XCConfigurationList section */
	};
	rootObject = 4C8758252943D47700B7816C /* Project object */;
}
